{
  "version": 4,
  "terraform_version": "1.14.5",
  "serial": 20,
  "lineage": "2c2b1ef5-e889-0f0c-cf76-702ab199b2b2",
  "outputs": {
    "lambda_role_arn": {
      "value": "arn:aws:iam::097869684159:role/snapshot-cleanup-lambda-role",
      "type": "string"
    },
    "lambda_security_group_id": {
      "value": "sg-0a315fbd3f703feef",
      "type": "string"
    },
    "private_subnet_id": {
      "value": "subnet-0af15bbe44f41311f",
      "type": "string"
    },
    "vpc_id": {
      "value": "vpc-0e1820dc11bffe1a0",
      "type": "string"
    }
  },
  "resources": [
    {
      "mode": "data",
      "type": "archive_file",
      "name": "lambda_zip",
      "provider": "provider[\"registry.terraform.io/hashicorp/archive\"]",
      "instances": [
        {
          "schema_version": 0,
          "attributes": {
            "exclude_symlink_directories": null,
            "excludes": null,
            "id": "4547b33ff6a9ed589f40a5b05d1bacd25d94285c",
            "output_base64sha256": "sokp3sKHqxDUKASqKKiWPLNdreHMjVB5LgVfJ/TV//M=",
            "output_base64sha512": "zWHzBFhrcRSK56GqQA6p3sAunGt3zYbhlXaVYmCHwQ5fvviMGy8D9lYxl0+mEVU2/cZEjreZyyzTrhlMUWLMvw==",
            "output_file_mode": null,
            "output_md5": "6b4e75068f252fe34f3eacccfb66d31f",
            "output_path": "./lambda.zip",
            "output_sha": "4547b33ff6a9ed589f40a5b05d1bacd25d94285c",
            "output_sha256": "b28929dec287ab10d42804aa28a8963cb35dade1cc8d50792e055f27f4d5fff3",
            "output_sha512": "cd61f304586b71148ae7a1aa400ea9dec02e9c6b77cd86e1957695626087c10e5fbef88c1b2f03f65631974fa6115536fdc6448eb799cb2cd3ae194c5162ccbf",
            "output_size": 1729,
            "source": [],
            "source_content": null,
            "source_content_filename": null,
            "source_dir": "./../lambda",
            "source_file": null,
            "type": "zip"
          },
          "sensitive_attributes": [],
          "identity_schema_version": 0
        }
      ]
    },
    {
      "mode": "managed",
      "type": "aws_cloudwatch_event_rule",
      "name": "daily_snapshot_cleanup",
      "provider": "provider[\"registry.terraform.io/hashicorp/aws\"]",
      "instances": [
        {
          "schema_version": 1,
          "attributes": {
            "arn": "arn:aws:events:us-east-1:097869684159:rule/snapshot-cleanup-daily-scheduler",
            "description": "Triggers the snapshot cleanup Lambda Daily",
            "event_bus_name": "default",
            "event_pattern": null,
            "force_destroy": false,
            "id": "snapshot-cleanup-daily-scheduler",
            "is_enabled": true,
            "name": "snapshot-cleanup-daily-scheduler",
            "name_prefix": "",
            "role_arn": "",
            "schedule_expression": "cron(0 8 * * ? *)",
            "state": "ENABLED",
            "tags": {
              "Name": "snapshot-cleanup-daily-scheduler"
            },
            "tags_all": {
              "Name": "snapshot-cleanup-daily-scheduler"
            }
          },
          "sensitive_attributes": [],
          "identity_schema_version": 0,
          "private": "eyJzY2hlbWFfdmVyc2lvbiI6IjEifQ=="
        }
      ]
    },
    {
      "mode": "managed",
      "type": "aws_cloudwatch_event_target",
      "name": "lambda_target",
      "provider": "provider[\"registry.terraform.io/hashicorp/aws\"]",
      "instances": [
        {
          "schema_version": 1,
          "attributes": {
            "appsync_target": [],
            "arn": "arn:aws:lambda:us-east-1:097869684159:function:snapshot-cleanup-lambda",
            "batch_target": [],
            "dead_letter_config": [],
            "ecs_target": [],
            "event_bus_name": "default",
            "force_destroy": false,
            "http_target": [],
            "id": "snapshot-cleanup-daily-scheduler-snapshot-cleanup-daily-scheduler",
            "input": "",
            "input_path": "",
            "input_transformer": [],
            "kinesis_target": [],
            "redshift_target": [],
            "retry_policy": [],
            "role_arn": "",
            "rule": "snapshot-cleanup-daily-scheduler",
            "run_command_targets": [],
            "sagemaker_pipeline_target": [],
            "sqs_target": [],
            "target_id": "snapshot-cleanup-daily-scheduler"
          },
          "sensitive_attributes": [],
          "identity_schema_version": 0,
          "private": "eyJzY2hlbWFfdmVyc2lvbiI6IjEifQ==",
          "dependencies": [
            "aws_cloudwatch_event_rule.daily_snapshot_cleanup",
            "aws_iam_role.lambda_role",
            "aws_lambda_function.snapshot_cleanup",
            "aws_security_group.lambda_security_group",
            "aws_subnet.private",
            "aws_vpc.main",
            "data.archive_file.lambda_zip"
          ]
        }
      ]
    },
    {
      "mode": "managed",
      "type": "aws_iam_role",
      "name": "lambda_role",
      "provider": "provider[\"registry.terraform.io/hashicorp/aws\"]",
      "instances": [
        {
          "schema_version": 0,
          "attributes": {
            "arn": "arn:aws:iam::097869684159:role/snapshot-cleanup-lambda-role",
            "assume_role_policy": "{\"Statement\":[{\"Action\":\"sts:AssumeRole\",\"Effect\":\"Allow\",\"Principal\":{\"Service\":\"lambda.amazonaws.com\"}}],\"Version\":\"2012-10-17\"}",
            "create_date": "2026-02-20T21:07:42Z",
            "description": "",
            "force_detach_policies": false,
            "id": "snapshot-cleanup-lambda-role",
            "inline_policy": [
              {
                "name": "snapshot-cleanup-snapshot-policy",
                "policy": "{\"Version\":\"2012-10-17\",\"Statement\":[{\"Action\":[\"ec2:DescribeSnapshots\",\"ec2:DeleteSnapshot\"],\"Effect\":\"Allow\",\"Resource\":\"*\"}]}"
              }
            ],
            "managed_policy_arns": [
              "arn:aws:iam::aws:policy/service-role/AWSLambdaVPCAccessExecutionRole"
            ],
            "max_session_duration": 3600,
            "name": "snapshot-cleanup-lambda-role",
            "name_prefix": "",
            "path": "/",
            "permissions_boundary": "",
            "tags": {
              "Name": "snapshot-cleanup-lambda-role"
            },
            "tags_all": {
              "Name": "snapshot-cleanup-lambda-role"
            },
            "unique_id": "AROARNSL43W722FASD7ON"
          },
          "sensitive_attributes": [],
          "identity_schema_version": 0,
          "private": "bnVsbA=="
        }
      ]
    },
    {
      "mode": "managed",
      "type": "aws_iam_role_policy",
      "name": "lambda_policy",
      "provider": "provider[\"registry.terraform.io/hashicorp/aws\"]",
      "instances": [
        {
          "schema_version": 0,
          "attributes": {
            "id": "snapshot-cleanup-lambda-role:snapshot-cleanup-snapshot-policy",
            "name": "snapshot-cleanup-snapshot-policy",
            "name_prefix": "",
            "policy": "{\"Version\":\"2012-10-17\",\"Statement\":[{\"Action\":[\"ec2:DescribeSnapshots\",\"ec2:DeleteSnapshot\"],\"Effect\":\"Allow\",\"Resource\":\"*\"}]}",
            "role": "snapshot-cleanup-lambda-role"
          },
          "sensitive_attributes": [],
          "identity_schema_version": 0,
          "private": "bnVsbA==",
          "dependencies": [
            "aws_iam_role.lambda_role"
          ]
        }
      ]
    },
    {
      "mode": "managed",
      "type": "aws_iam_role_policy_attachment",
      "name": "lambda_cloudwatch_logs_attachment",
      "provider": "provider[\"registry.terraform.io/hashicorp/aws\"]",
      "instances": [
        {
          "schema_version": 0,
          "attributes": {
            "id": "snapshot-cleanup-lambda-role-20260220210743146200000001",
            "policy_arn": "arn:aws:iam::aws:policy/service-role/AWSLambdaVPCAccessExecutionRole",
            "role": "snapshot-cleanup-lambda-role"
          },
          "sensitive_attributes": [],
          "identity_schema_version": 0,
          "private": "bnVsbA==",
          "dependencies": [
            "aws_iam_role.lambda_role"
          ]
        }
      ]
    },
    {
      "mode": "managed",
      "type": "aws_lambda_function",
      "name": "snapshot_cleanup",
      "provider": "provider[\"registry.terraform.io/hashicorp/aws\"]",
      "instances": [
        {
          "schema_version": 0,
          "attributes": {
            "architectures": [
              "x86_64"
            ],
            "arn": "arn:aws:lambda:us-east-1:097869684159:function:snapshot-cleanup-lambda",
            "code_sha256": "sokp3sKHqxDUKASqKKiWPLNdreHMjVB5LgVfJ/TV//M=",
            "code_signing_config_arn": "",
            "dead_letter_config": [],
            "description": "",
            "environment": [
              {
                "variables": {
                  "CUTOFF_DAYS": "365"
                }
              }
            ],
            "ephemeral_storage": [
              {
                "size": 512
              }
            ],
            "file_system_config": [],
            "filename": "./lambda.zip",
            "function_name": "snapshot-cleanup-lambda",
            "handler": "handler.handler",
            "id": "snapshot-cleanup-lambda",
            "image_config": [],
            "image_uri": "",
            "invoke_arn": "arn:aws:apigateway:us-east-1:lambda:path/2015-03-31/functions/arn:aws:lambda:us-east-1:097869684159:function:snapshot-cleanup-lambda/invocations",
            "kms_key_arn": "",
            "last_modified": "2026-02-20T22:13:11.000+0000",
            "layers": [],
            "logging_config": [
              {
                "application_log_level": "",
                "log_format": "Text",
                "log_group": "/aws/lambda/snapshot-cleanup-lambda",
                "system_log_level": ""
              }
            ],
            "memory_size": 128,
            "package_type": "Zip",
            "publish": false,
            "qualified_arn": "arn:aws:lambda:us-east-1:097869684159:function:snapshot-cleanup-lambda:$LATEST",
            "qualified_invoke_arn": "arn:aws:apigateway:us-east-1:lambda:path/2015-03-31/functions/arn:aws:lambda:us-east-1:097869684159:function:snapshot-cleanup-lambda:$LATEST/invocations",
            "replace_security_groups_on_destroy": null,
            "replacement_security_group_ids": null,
            "reserved_concurrent_executions": -1,
            "role": "arn:aws:iam::097869684159:role/snapshot-cleanup-lambda-role",
            "runtime": "python3.13",
            "s3_bucket": null,
            "s3_key": null,
            "s3_object_version": null,
            "signing_job_arn": "",
            "signing_profile_version_arn": "",
            "skip_destroy": false,
            "snap_start": [],
            "source_code_hash": "sokp3sKHqxDUKASqKKiWPLNdreHMjVB5LgVfJ/TV//M=",
            "source_code_size": 1729,
            "tags": {
              "Name": "snapshot-cleanup-lambda"
            },
            "tags_all": {
              "Name": "snapshot-cleanup-lambda"
            },
            "timeout": 300,
            "timeouts": null,
            "tracing_config": [
              {
                "mode": "PassThrough"
              }
            ],
            "version": "$LATEST",
            "vpc_config": [
              {
                "ipv6_allowed_for_dual_stack": false,
                "security_group_ids": [
                  "sg-0a315fbd3f703feef"
                ],
                "subnet_ids": [
                  "subnet-0af15bbe44f41311f"
                ],
                "vpc_id": "vpc-0e1820dc11bffe1a0"
              }
            ]
          },
          "sensitive_attributes": [],
          "identity_schema_version": 0,
          "private": "eyJlMmJmYjczMC1lY2FhLTExZTYtOGY4OC0zNDM2M2JjN2M0YzAiOnsiY3JlYXRlIjo2MDAwMDAwMDAwMDAsImRlbGV0ZSI6NjAwMDAwMDAwMDAwLCJ1cGRhdGUiOjYwMDAwMDAwMDAwMH19",
          "dependencies": [
            "aws_iam_role.lambda_role",
            "aws_security_group.lambda_security_group",
            "aws_subnet.private",
            "aws_vpc.main",
            "data.archive_file.lambda_zip"
          ]
        }
      ]
    },
    {
      "mode": "managed",
      "type": "aws_lambda_permission",
      "name": "allow_eventbridge",
      "provider": "provider[\"registry.terraform.io/hashicorp/aws\"]",
      "instances": [
        {
          "schema_version": 0,
          "attributes": {
            "action": "lambda:InvokeFunction",
            "event_source_token": null,
            "function_name": "snapshot-cleanup-lambda",
            "function_url_auth_type": null,
            "id": "AllowEventBridgeToInvokeLambda",
            "principal": "events.amazonaws.com",
            "principal_org_id": null,
            "qualifier": "",
            "source_account": null,
            "source_arn": "arn:aws:events:us-east-1:097869684159:rule/snapshot-cleanup-daily-scheduler",
            "statement_id": "AllowEventBridgeToInvokeLambda",
            "statement_id_prefix": ""
          },
          "sensitive_attributes": [],
          "identity_schema_version": 0,
          "private": "bnVsbA==",
          "dependencies": [
            "aws_cloudwatch_event_rule.daily_snapshot_cleanup",
            "aws_iam_role.lambda_role",
            "aws_lambda_function.snapshot_cleanup",
            "aws_security_group.lambda_security_group",
            "aws_subnet.private",
            "aws_vpc.main",
            "data.archive_file.lambda_zip"
          ]
        }
      ]
    },
    {
      "mode": "managed",
      "type": "aws_security_group",
      "name": "lambda_security_group",
      "provider": "provider[\"registry.terraform.io/hashicorp/aws\"]",
      "instances": [
        {
          "schema_version": 1,
          "attributes": {
            "arn": "arn:aws:ec2:us-east-1:097869684159:security-group/sg-0a315fbd3f703feef",
            "description": "Security group for snapshot cleanup lambda",
            "egress": [
              {
                "cidr_blocks": [
                  "0.0.0.0/0"
                ],
                "description": "Allow outbound traffic to AWS APIs",
                "from_port": 0,
                "ipv6_cidr_blocks": [],
                "prefix_list_ids": [],
                "protocol": "-1",
                "security_groups": [],
                "self": false,
                "to_port": 0
              }
            ],
            "id": "sg-0a315fbd3f703feef",
            "ingress": [
              {
                "cidr_blocks": [],
                "description": "Allow HTTPS from Lambda to VPC endpoint",
                "from_port": 443,
                "ipv6_cidr_blocks": [],
                "prefix_list_ids": [],
                "protocol": "tcp",
                "security_groups": [],
                "self": true,
                "to_port": 443
              }
            ],
            "name": "snapshot-cleanup-lambda-security-group",
            "name_prefix": "",
            "owner_id": "097869684159",
            "revoke_rules_on_delete": false,
            "tags": {
              "Name": "snapshot-cleanup-lambda-security-group"
            },
            "tags_all": {
              "Name": "snapshot-cleanup-lambda-security-group"
            },
            "timeouts": null,
            "vpc_id": "vpc-0e1820dc11bffe1a0"
          },
          "sensitive_attributes": [],
          "identity_schema_version": 0,
          "private": "eyJlMmJmYjczMC1lY2FhLTExZTYtOGY4OC0zNDM2M2JjN2M0YzAiOnsiY3JlYXRlIjo2MDAwMDAwMDAwMDAsImRlbGV0ZSI6OTAwMDAwMDAwMDAwfSwic2NoZW1hX3ZlcnNpb24iOiIxIn0=",
          "dependencies": [
            "aws_vpc.main"
          ]
        }
      ]
    },
    {
      "mode": "managed",
      "type": "aws_subnet",
      "name": "private",
      "provider": "provider[\"registry.terraform.io/hashicorp/aws\"]",
      "instances": [
        {
          "schema_version": 1,
          "attributes": {
            "arn": "arn:aws:ec2:us-east-1:097869684159:subnet/subnet-0af15bbe44f41311f",
            "assign_ipv6_address_on_creation": false,
            "availability_zone": "us-east-1a",
            "availability_zone_id": "use1-az2",
            "cidr_block": "10.0.1.0/24",
            "customer_owned_ipv4_pool": "",
            "enable_dns64": false,
            "enable_lni_at_device_index": 0,
            "enable_resource_name_dns_a_record_on_launch": false,
            "enable_resource_name_dns_aaaa_record_on_launch": false,
            "id": "subnet-0af15bbe44f41311f",
            "ipv6_cidr_block": "",
            "ipv6_cidr_block_association_id": "",
            "ipv6_native": false,
            "map_customer_owned_ip_on_launch": false,
            "map_public_ip_on_launch": false,
            "outpost_arn": "",
            "owner_id": "097869684159",
            "private_dns_hostname_type_on_launch": "ip-name",
            "tags": {
              "Name": "snapshot-cleanup-private-subnet"
            },
            "tags_all": {
              "Name": "snapshot-cleanup-private-subnet"
            },
            "timeouts": null,
            "vpc_id": "vpc-0e1820dc11bffe1a0"
          },
          "sensitive_attributes": [],
          "identity_schema_version": 0,
          "private": "eyJlMmJmYjczMC1lY2FhLTExZTYtOGY4OC0zNDM2M2JjN2M0YzAiOnsiY3JlYXRlIjo2MDAwMDAwMDAwMDAsImRlbGV0ZSI6MTIwMDAwMDAwMDAwMH0sInNjaGVtYV92ZXJzaW9uIjoiMSJ9",
          "dependencies": [
            "aws_vpc.main"
          ]
        }
      ]
    },
    {
      "mode": "managed",
      "type": "aws_vpc",
      "name": "main",
      "provider": "provider[\"registry.terraform.io/hashicorp/aws\"]",
      "instances": [
        {
          "schema_version": 1,
          "attributes": {
            "arn": "arn:aws:ec2:us-east-1:097869684159:vpc/vpc-0e1820dc11bffe1a0",
            "assign_generated_ipv6_cidr_block": false,
            "cidr_block": "10.0.0.0/16",
            "default_network_acl_id": "acl-0f90d13008a90f1b1",
            "default_route_table_id": "rtb-07533d33494daf8a5",
            "default_security_group_id": "sg-0ffd230d8e55e68c2",
            "dhcp_options_id": "dopt-43d1d038",
            "enable_dns_hostnames": true,
            "enable_dns_support": true,
            "enable_network_address_usage_metrics": false,
            "id": "vpc-0e1820dc11bffe1a0",
            "instance_tenancy": "default",
            "ipv4_ipam_pool_id": null,
            "ipv4_netmask_length": null,
            "ipv6_association_id": "",
            "ipv6_cidr_block": "",
            "ipv6_cidr_block_network_border_group": "",
            "ipv6_ipam_pool_id": "",
            "ipv6_netmask_length": 0,
            "main_route_table_id": "rtb-07533d33494daf8a5",
            "owner_id": "097869684159",
            "tags": {
              "Name": "snapshot-cleanup-vpc"
            },
            "tags_all": {
              "Name": "snapshot-cleanup-vpc"
            }
          },
          "sensitive_attributes": [],
          "identity_schema_version": 0,
          "private": "eyJzY2hlbWFfdmVyc2lvbiI6IjEifQ=="
        }
      ]
    },
    {
      "mode": "managed",
      "type": "aws_vpc_endpoint",
      "name": "ec2",
      "provider": "provider[\"registry.terraform.io/hashicorp/aws\"]",
      "instances": [
        {
          "schema_version": 0,
          "attributes": {
            "arn": "arn:aws:ec2:us-east-1:097869684159:vpc-endpoint/vpce-0dff0c3ab8d8363fe",
            "auto_accept": null,
            "cidr_blocks": [],
            "dns_entry": [
              {
                "dns_name": "vpce-0dff0c3ab8d8363fe-b5flvks3.ec2.us-east-1.vpce.amazonaws.com",
                "hosted_zone_id": "Z7HUB22UULQXV"
              },
              {
                "dns_name": "vpce-0dff0c3ab8d8363fe-b5flvks3-us-east-1a.ec2.us-east-1.vpce.amazonaws.com",
                "hosted_zone_id": "Z7HUB22UULQXV"
              },
              {
                "dns_name": "ec2.us-east-1.amazonaws.com",
                "hosted_zone_id": "Z03424213JZU1GKEV0J0I"
              },
              {
                "dns_name": "ec2.us-east-1.api.aws",
                "hosted_zone_id": "Z0326812B640XL21WCXG"
              }
            ],
            "dns_options": [
              {
                "dns_record_ip_type": "ipv4",
                "private_dns_only_for_inbound_resolver_endpoint": false
              }
            ],
            "id": "vpce-0dff0c3ab8d8363fe",
            "ip_address_type": "ipv4",
            "network_interface_ids": [
              "eni-00c4540f75e086e08"
            ],
            "owner_id": "097869684159",
            "policy": "{\"Statement\":[{\"Action\":\"*\",\"Effect\":\"Allow\",\"Principal\":\"*\",\"Resource\":\"*\"}]}",
            "prefix_list_id": null,
            "private_dns_enabled": true,
            "requester_managed": false,
            "resource_configuration_arn": "",
            "route_table_ids": [],
            "security_group_ids": [
              "sg-0a315fbd3f703feef"
            ],
            "service_name": "com.amazonaws.us-east-1.ec2",
            "service_network_arn": "",
            "service_region": "us-east-1",
            "state": "available",
            "subnet_configuration": [
              {
                "ipv4": "10.0.1.104",
                "ipv6": "",
                "subnet_id": "subnet-0af15bbe44f41311f"
              }
            ],
            "subnet_ids": [
              "subnet-0af15bbe44f41311f"
            ],
            "tags": {
              "Name": "snapshot-cleanup-ec2-endpoint"
            },
            "tags_all": {
              "Name": "snapshot-cleanup-ec2-endpoint"
            },
            "timeouts": null,
            "vpc_endpoint_type": "Interface",
            "vpc_id": "vpc-0e1820dc11bffe1a0"
          },
          "sensitive_attributes": [],
          "identity_schema_version": 0,
          "private": "eyJlMmJmYjczMC1lY2FhLTExZTYtOGY4OC0zNDM2M2JjN2M0YzAiOnsiY3JlYXRlIjo2MDAwMDAwMDAwMDAsImRlbGV0ZSI6NjAwMDAwMDAwMDAwLCJ1cGRhdGUiOjYwMDAwMDAwMDAwMH19",
          "dependencies": [
            "aws_security_group.lambda_security_group",
            "aws_subnet.private",
            "aws_vpc.main"
          ]
        }
      ]
    }
  ],
  "check_results": null
}
